
Microsoft Visual Studio Solution File, Format Version 12.00
# Visual Studio 14
VisualStudioVersion = 14.0.25420.1
MinimumVisualStudioVersion = 10.0.40219.1
Project("{FAE04EC0-301F-11D3-BF4B-00C04F79EFBC}") = "GummyBears.DTO", "GummyBears.DTO\GummyBears.DTO.csproj", "{F4AD5167-1A33-4B57-A383-97118CB88DA6}"
EndProject
Project("{FAE04EC0-301F-11D3-BF4B-00C04F79EFBC}") = "GummyBears.DAL", "GummyBears.DAL\GummyBears.DAL.csproj", "{EAC9189F-0DF8-48CC-AA87-8B32D2F5E656}"
EndProject
Project("{FAE04EC0-301F-11D3-BF4B-00C04F79EFBC}") = "GummyBears.Common", "GummyBears.Common\GummyBears.Common.csproj", "{8AF2C3F9-CDBE-4CF8-B68B-7D6103FB0B2D}"
EndProject
Project("{FAE04EC0-301F-11D3-BF4B-00C04F79EFBC}") = "GummyBears.BLL", "GummyBears.BLL\GummyBears.BLL.csproj", "{AC032DF4-DB0C-490D-8F80-168630F7CD69}"
EndProject
Project("{FAE04EC0-301F-11D3-BF4B-00C04F79EFBC}") = "GummyBears.Service", "GummyBears.Service\GummyBears.Service.csproj", "{357E701E-F46A-47F1-8942-5851B94DD667}"
EndProject
Project("{FAE04EC0-301F-11D3-BF4B-00C04F79EFBC}") = "GummyBears.WebAPI", "GummyBears.WebAPI\GummyBears.WebAPI.csproj", "{281E74EF-6480-4309-83A0-969EA693E91A}"
EndProject
Project("{FAE04EC0-301F-11D3-BF4B-00C04F79EFBC}") = "GummyBears.Tests", "GummyBears.Tests\GummyBears.Tests.csproj", "{A4458C4A-460A-4027-952A-6AC879B47921}"
EndProject
Global
	GlobalSection(SolutionConfigurationPlatforms) = preSolution
		Debug|Any CPU = Debug|Any CPU
		Release|Any CPU = Release|Any CPU
	EndGlobalSection
	GlobalSection(ProjectConfigurationPlatforms) = postSolution
		{F4AD5167-1A33-4B57-A383-97118CB88DA6}.Debug|Any CPU.ActiveCfg = Debug|Any CPU
		{F4AD5167-1A33-4B57-A383-97118CB88DA6}.Debug|Any CPU.Build.0 = Debug|Any CPU
		{F4AD5167-1A33-4B57-A383-97118CB88DA6}.Release|Any CPU.ActiveCfg = Release|Any CPU
		{F4AD5167-1A33-4B57-A383-97118CB88DA6}.Release|Any CPU.Build.0 = Release|Any CPU
		{EAC9189F-0DF8-48CC-AA87-8B32D2F5E656}.Debug|Any CPU.ActiveCfg = Debug|Any CPU
		{EAC9189F-0DF8-48CC-AA87-8B32D2F5E656}.Debug|Any CPU.Build.0 = Debug|Any CPU
		{EAC9189F-0DF8-48CC-AA87-8B32D2F5E656}.Release|Any CPU.ActiveCfg = Release|Any CPU
		{EAC9189F-0DF8-48CC-AA87-8B32D2F5E656}.Release|Any CPU.Build.0 = Release|Any CPU
		{8AF2C3F9-CDBE-4CF8-B68B-7D6103FB0B2D}.Debug|Any CPU.ActiveCfg = Debug|Any CPU
		{8AF2C3F9-CDBE-4CF8-B68B-7D6103FB0B2D}.Debug|Any CPU.Build.0 = Debug|Any CPU
		{8AF2C3F9-CDBE-4CF8-B68B-7D6103FB0B2D}.Release|Any CPU.ActiveCfg = Release|Any CPU
		{8AF2C3F9-CDBE-4CF8-B68B-7D6103FB0B2D}.Release|Any CPU.Build.0 = Release|Any CPU
		{AC032DF4-DB0C-490D-8F80-168630F7CD69}.Debug|Any CPU.ActiveCfg = Debug|Any CPU
		{AC032DF4-DB0C-490D-8F80-168630F7CD69}.Debug|Any CPU.Build.0 = Debug|Any CPU
		{AC032DF4-DB0C-490D-8F80-168630F7CD69}.Release|Any CPU.ActiveCfg = Release|Any CPU
		{AC032DF4-DB0C-490D-8F80-168630F7CD69}.Release|Any CPU.Build.0 = Release|Any CPU
		{357E701E-F46A-47F1-8942-5851B94DD667}.Debug|Any CPU.ActiveCfg = Debug|Any CPU
		{357E701E-F46A-47F1-8942-5851B94DD667}.Debug|Any CPU.Build.0 = Debug|Any CPU
		{357E701E-F46A-47F1-8942-5851B94DD667}.Release|Any CPU.ActiveCfg = Release|Any CPU
		{357E701E-F46A-47F1-8942-5851B94DD667}.Release|Any CPU.Build.0 = Release|Any CPU
		{281E74EF-6480-4309-83A0-969EA693E91A}.Debug|Any CPU.ActiveCfg = Debug|Any CPU
		{281E74EF-6480-4309-83A0-969EA693E91A}.Debug|Any CPU.Build.0 = Debug|Any CPU
		{281E74EF-6480-4309-83A0-969EA693E91A}.Release|Any CPU.ActiveCfg = Release|Any CPU
		{281E74EF-6480-4309-83A0-969EA693E91A}.Release|Any CPU.Build.0 = Release|Any CPU
		{A4458C4A-460A-4027-952A-6AC879B47921}.Debug|Any CPU.ActiveCfg = Debug|Any CPU
		{A4458C4A-460A-4027-952A-6AC879B47921}.Debug|Any CPU.Build.0 = Debug|Any CPU
		{A4458C4A-460A-4027-952A-6AC879B47921}.Release|Any CPU.ActiveCfg = Release|Any CPU
		{A4458C4A-460A-4027-952A-6AC879B47921}.Release|Any CPU.Build.0 = Release|Any CPU
	EndGlobalSection
	GlobalSection(SolutionProperties) = preSolution
		HideSolutionNode = FALSE
	EndGlobalSection
EndGlobal
